<?xml version="1.0" encoding="utf-8"?>
<Project ToolsVersion="4.0" xmlns="http://schemas.microsoft.com/developer/msbuild/2003">
  <ItemGroup>
    <Filter Include="Source Files">
      <UniqueIdentifier>{4FC737F1-C7A5-4376-A066-2A32D752A2FF}</UniqueIdentifier>
      <Extensions>cpp;c;cc;cxx;def;odl;idl;hpj;bat;asm;asmx</Extensions>
    </Filter>
    <Filter Include="Header Files">
      <UniqueIdentifier>{93995380-89BD-4b04-88EB-625FBE52EBFB}</UniqueIdentifier>
      <Extensions>h;hpp;hxx;hm;inl;inc;xsd</Extensions>
    </Filter>
    <Filter Include="Resource Files">
      <UniqueIdentifier>{67DA6AB6-F800-4c08-8B7A-83BB121AAD01}</UniqueIdentifier>
      <Extensions>rc;ico;cur;bmp;dlg;rc2;rct;bin;rgs;gif;jpg;jpeg;jpe;resx;tiff;tif;png;wav;mfcribbon-ms</Extensions>
    </Filter>
  </ItemGroup>
  <ItemGroup>
    <ClCompile Include="Source.cpp">
      <Filter>Source Files</Filter>
    </ClCompile>
    <ClCompile Include="Gra.cpp">
      <Filter>Source Files</Filter>
    </ClCompile>
    <ClCompile Include="RozgrywkaZAI.cpp">
      <Filter>Source Files</Filter>
    </ClCompile>
    <ClCompile Include="Gracz.cpp">
      <Filter>Source Files</Filter>
    </ClCompile>
    <ClCompile Include="GraczAI.cpp">
      <Filter>Source Files</Filter>
    </ClCompile>
    <ClCompile Include="Stojak.cpp">
      <Filter>Source Files</Filter>
    </ClCompile>
    <ClCompile Include="Worek.cpp">
      <Filter>Source Files</Filter>
    </ClCompile>
    <ClCompile Include="Plytka.cpp">
      <Filter>Source Files</Filter>
    </ClCompile>
    <ClCompile Include="ZbiorPlytek.cpp">
      <Filter>Source Files</Filter>
    </ClCompile>
    <ClCompile Include="Plansza.cpp">
      <Filter>Source Files</Filter>
    </ClCompile>
    <ClCompile Include="Pole.cpp">
      <Filter>Source Files</Filter>
    </ClCompile>
    <ClCompile Include="Slownik.cpp">
      <Filter>Source Files</Filter>
    </ClCompile>
    <ClCompile Include="Wezel.cpp">
      <Filter>Source Files</Filter>
    </ClCompile>
    <ClCompile Include="NajlepszyWyraz.cpp">
      <Filter>Source Files</Filter>
    </ClCompile>
    <ClCompile Include="Podniesiona_plytka.cpp">
      <Filter>Source Files</Filter>
    </ClCompile>
    <ClCompile Include="Przycisk.cpp">
      <Filter>Source Files</Filter>
    </ClCompile>
    <ClCompile Include="Wyniki.cpp">
      <Filter>Source Files</Filter>
    </ClCompile>
  </ItemGroup>
  <ItemGroup>
    <ClInclude Include="Gra.h">
      <Filter>Header Files</Filter>
    </ClInclude>
    <ClInclude Include="RozgrywkaZAI.h">
      <Filter>Header Files</Filter>
    </ClInclude>
    <ClInclude Include="Gracz.h">
      <Filter>Header Files</Filter>
    </ClInclude>
    <ClInclude Include="GraczAI.h">
      <Filter>Header Files</Filter>
    </ClInclude>
    <ClInclude Include="Stojak.h">
      <Filter>Header Files</Filter>
    </ClInclude>
    <ClInclude Include="Worek.h">
      <Filter>Header Files</Filter>
    </ClInclude>
    <ClInclude Include="Plytka.h">
      <Filter>Header Files</Filter>
    </ClInclude>
    <ClInclude Include="ZbiorPlytek.h">
      <Filter>Header Files</Filter>
    </ClInclude>
    <ClInclude Include="Plansza.h">
      <Filter>Header Files</Filter>
    </ClInclude>
    <ClInclude Include="Pole.h">
      <Filter>Header Files</Filter>
    </ClInclude>
    <ClInclude Include="Slownik.h">
      <Filter>Header Files</Filter>
    </ClInclude>
    <ClInclude Include="Wezel.h">
      <Filter>Header Files</Filter>
    </ClInclude>
    <ClInclude Include="NajlepszyWyraz.h">
      <Filter>Header Files</Filter>
    </ClInclude>
    <ClInclude Include="Podniesiona_plytka.h">
      <Filter>Header Files</Filter>
    </ClInclude>
    <ClInclude Include="Przycisk.h">
      <Filter>Header Files</Filter>
    </ClInclude>
    <ClInclude Include="Wyniki.h">
      <Filter>Header Files</Filter>
    </ClInclude>
  </ItemGroup>
</Project>